
Microsoft Visual Studio Solution File, Format Version 12.00
# Visual Studio 2012
Project("{FAE04EC0-301F-11D3-BF4B-00C04F79EFBC}") = "UnityVS.GameBaseProject.CSharp.Plugins", "UnityVS.GameBaseProject.CSharp.Plugins.csproj", "{9B3D3D9A-0429-E9CF-269E-F467426F6E13}"
EndProject
Project("{FAE04EC0-301F-11D3-BF4B-00C04F79EFBC}") = "UnityVS.GameBaseProject.CSharp", "UnityVS.GameBaseProject.CSharp.csproj", "{F18290F1-1434-8EB9-760D-3249B552C0DC}"
EndProject
Project("{FAE04EC0-301F-11D3-BF4B-00C04F79EFBC}") = "UnityVS.GameBaseProject.CSharp.Editor", "UnityVS.GameBaseProject.CSharp.Editor.csproj", "{8D9A6805-305D-5BD0-7F44-D82A89E272AA}"
EndProject
Global
	GlobalSection(SolutionConfigurationPlatforms) = preSolution
		Debug|Any CPU = Debug|Any CPU
		Release|Any CPU = Release|Any CPU
	EndGlobalSection
	GlobalSection(ProjectConfigurationPlatforms) = postSolution
		{9B3D3D9A-0429-E9CF-269E-F467426F6E13}.Debug|Any CPU.ActiveCfg = Debug|Any CPU
		{9B3D3D9A-0429-E9CF-269E-F467426F6E13}.Debug|Any CPU.Build.0 = Debug|Any CPU
		{9B3D3D9A-0429-E9CF-269E-F467426F6E13}.Release|Any CPU.ActiveCfg = Release|Any CPU
		{9B3D3D9A-0429-E9CF-269E-F467426F6E13}.Release|Any CPU.Build.0 = Release|Any CPU
		{F18290F1-1434-8EB9-760D-3249B552C0DC}.Debug|Any CPU.ActiveCfg = Debug|Any CPU
		{F18290F1-1434-8EB9-760D-3249B552C0DC}.Debug|Any CPU.Build.0 = Debug|Any CPU
		{F18290F1-1434-8EB9-760D-3249B552C0DC}.Release|Any CPU.ActiveCfg = Release|Any CPU
		{F18290F1-1434-8EB9-760D-3249B552C0DC}.Release|Any CPU.Build.0 = Release|Any CPU
		{8D9A6805-305D-5BD0-7F44-D82A89E272AA}.Debug|Any CPU.ActiveCfg = Debug|Any CPU
		{8D9A6805-305D-5BD0-7F44-D82A89E272AA}.Debug|Any CPU.Build.0 = Debug|Any CPU
		{8D9A6805-305D-5BD0-7F44-D82A89E272AA}.Release|Any CPU.ActiveCfg = Release|Any CPU
		{8D9A6805-305D-5BD0-7F44-D82A89E272AA}.Release|Any CPU.Build.0 = Release|Any CPU
	EndGlobalSection
	GlobalSection(SolutionProperties) = preSolution
		HideSolutionNode = FALSE
	EndGlobalSection
EndGlobal
